
Microsoft Visual Studio Solution File, Format Version 12.00
# Visual Studio 15
VisualStudioVersion = 15.0.28307.489
MinimumVisualStudioVersion = 10.0.40219.1
Project("{FAE04EC0-301F-11D3-BF4B-00C04F79EFBC}") = "KR_PritulTvar", "KR_PritulTvar\KR_PritulTvar.csproj", "{3726EB86-1D5A-4B03-8B50-0C0DF6FF9466}"
EndProject
Project("{FAE04EC0-301F-11D3-BF4B-00C04F79EFBC}") = "WpfVidimoe", "WpfVidimoe\WpfVidimoe.csproj", "{5C5B0D0A-3F13-43C0-9149-C2C341B3D095}"
	ProjectSection(ProjectDependencies) = postProject
		{3726EB86-1D5A-4B03-8B50-0C0DF6FF9466} = {3726EB86-1D5A-4B03-8B50-0C0DF6FF9466}
	EndProjectSection
EndProject
Global
	GlobalSection(SolutionConfigurationPlatforms) = preSolution
		Debug|Any CPU = Debug|Any CPU
		Release|Any CPU = Release|Any CPU
	EndGlobalSection
	GlobalSection(ProjectConfigurationPlatforms) = postSolution
		{3726EB86-1D5A-4B03-8B50-0C0DF6FF9466}.Debug|Any CPU.ActiveCfg = Debug|Any CPU
		{3726EB86-1D5A-4B03-8B50-0C0DF6FF9466}.Debug|Any CPU.Build.0 = Debug|Any CPU
		{3726EB86-1D5A-4B03-8B50-0C0DF6FF9466}.Release|Any CPU.ActiveCfg = Release|Any CPU
		{3726EB86-1D5A-4B03-8B50-0C0DF6FF9466}.Release|Any CPU.Build.0 = Release|Any CPU
		{5C5B0D0A-3F13-43C0-9149-C2C341B3D095}.Debug|Any CPU.ActiveCfg = Debug|Any CPU
		{5C5B0D0A-3F13-43C0-9149-C2C341B3D095}.Debug|Any CPU.Build.0 = Debug|Any CPU
		{5C5B0D0A-3F13-43C0-9149-C2C341B3D095}.Release|Any CPU.ActiveCfg = Release|Any CPU
		{5C5B0D0A-3F13-43C0-9149-C2C341B3D095}.Release|Any CPU.Build.0 = Release|Any CPU
	EndGlobalSection
	GlobalSection(SolutionProperties) = preSolution
		HideSolutionNode = FALSE
	EndGlobalSection
	GlobalSection(ExtensibilityGlobals) = postSolution
		SolutionGuid = {7D70ECBD-B111-4B3C-A66E-15250BD535FE}
	EndGlobalSection
EndGlobal
